# This file is automatically @generated by Cargo.
# It is not intended for manual editing.
version = 3

[[package]]
name = "assert-type-eq"
version = "0.1.0"
source = "registry+https://github.com/rust-lang/crates.io-index"
checksum = "fd49a41856ee21a0cfb2b1cfbfcca0f1d3e6c257c38939f0d6ecfaf177f2ea47"

[[package]]
name = "peano"
version = "0.1.0"
dependencies = [
 "assert-type-eq",
]
